
Microsoft Visual Studio Solution File, Format Version 12.00
# Visual Studio Version 17
VisualStudioVersion = 17.9.34728.123
MinimumVisualStudioVersion = 10.0.40219.1
Project("{9A19103F-16F7-4668-BE54-9A1E7A4F7556}") = "Catalog", "CatalogWeb\Catalog.csproj", "{8C15BBC1-AC33-48E2-B8BF-1CFFE52B33DA}"
EndProject
Project("{9A19103F-16F7-4668-BE54-9A1E7A4F7556}") = "CatalogCore", "Core\CatalogCore.csproj", "{2B8D1E09-9AF7-4938-A3AB-23A573E35770}"
EndProject
Project("{9A19103F-16F7-4668-BE54-9A1E7A4F7556}") = "CatalogDBContext", "CatalogDBContext\CatalogDBContext.csproj", "{C41D6BB5-D39D-4FF5-8E36-968EAC2B1191}"
EndProject
Global
	GlobalSection(SolutionConfigurationPlatforms) = preSolution
		Debug|Any CPU = Debug|Any CPU
		Release|Any CPU = Release|Any CPU
	EndGlobalSection
	GlobalSection(ProjectConfigurationPlatforms) = postSolution
		{8C15BBC1-AC33-48E2-B8BF-1CFFE52B33DA}.Debug|Any CPU.ActiveCfg = Debug|Any CPU
		{8C15BBC1-AC33-48E2-B8BF-1CFFE52B33DA}.Debug|Any CPU.Build.0 = Debug|Any CPU
		{8C15BBC1-AC33-48E2-B8BF-1CFFE52B33DA}.Release|Any CPU.ActiveCfg = Release|Any CPU
		{8C15BBC1-AC33-48E2-B8BF-1CFFE52B33DA}.Release|Any CPU.Build.0 = Release|Any CPU
		{2B8D1E09-9AF7-4938-A3AB-23A573E35770}.Debug|Any CPU.ActiveCfg = Debug|Any CPU
		{2B8D1E09-9AF7-4938-A3AB-23A573E35770}.Debug|Any CPU.Build.0 = Debug|Any CPU
		{2B8D1E09-9AF7-4938-A3AB-23A573E35770}.Release|Any CPU.ActiveCfg = Release|Any CPU
		{2B8D1E09-9AF7-4938-A3AB-23A573E35770}.Release|Any CPU.Build.0 = Release|Any CPU
		{C41D6BB5-D39D-4FF5-8E36-968EAC2B1191}.Debug|Any CPU.ActiveCfg = Debug|Any CPU
		{C41D6BB5-D39D-4FF5-8E36-968EAC2B1191}.Debug|Any CPU.Build.0 = Debug|Any CPU
		{C41D6BB5-D39D-4FF5-8E36-968EAC2B1191}.Release|Any CPU.ActiveCfg = Release|Any CPU
		{C41D6BB5-D39D-4FF5-8E36-968EAC2B1191}.Release|Any CPU.Build.0 = Release|Any CPU
	EndGlobalSection
	GlobalSection(SolutionProperties) = preSolution
		HideSolutionNode = FALSE
	EndGlobalSection
	GlobalSection(ExtensibilityGlobals) = postSolution
		SolutionGuid = {204D953F-E5CC-4FE0-AC5E-43935B9388DD}
	EndGlobalSection
EndGlobal
